
Microsoft Visual Studio Solution File, Format Version 12.00
# Visual Studio Version 16
VisualStudioVersion = 16.0.31019.35
MinimumVisualStudioVersion = 10.0.40219.1
Project("{9A19103F-16F7-4668-BE54-9A1E7A4F7556}") = "MVCUDEMY", "MVCUDEMY\MVCUDEMY.csproj", "{3614CC28-F108-43B5-BA7D-1BC4991A8A2D}"
EndProject
Global
	GlobalSection(SolutionConfigurationPlatforms) = preSolution
		Debug|Any CPU = Debug|Any CPU
		Release|Any CPU = Release|Any CPU
	EndGlobalSection
	GlobalSection(ProjectConfigurationPlatforms) = postSolution
		{3614CC28-F108-43B5-BA7D-1BC4991A8A2D}.Debug|Any CPU.ActiveCfg = Debug|Any CPU
		{3614CC28-F108-43B5-BA7D-1BC4991A8A2D}.Debug|Any CPU.Build.0 = Debug|Any CPU
		{3614CC28-F108-43B5-BA7D-1BC4991A8A2D}.Release|Any CPU.ActiveCfg = Release|Any CPU
		{3614CC28-F108-43B5-BA7D-1BC4991A8A2D}.Release|Any CPU.Build.0 = Release|Any CPU
	EndGlobalSection
	GlobalSection(SolutionProperties) = preSolution
		HideSolutionNode = FALSE
	EndGlobalSection
	GlobalSection(ExtensibilityGlobals) = postSolution
		SolutionGuid = {49459DFE-3F71-485D-8E23-09E858B7DBE3}
	EndGlobalSection
EndGlobal
